
Microsoft Visual Studio Solution File, Format Version 12.00
# Visual Studio 15
VisualStudioVersion = 15.0.26124.0
MinimumVisualStudioVersion = 15.0.26124.0
Project("{FAE04EC0-301F-11D3-BF4B-00C04F79EFBC}") = "GameTop", "GameTop\GameTop.csproj", "{AE456706-4145-4C3D-8A2A-A8F9CDF1AA7D}"
EndProject
Project("{FAE04EC0-301F-11D3-BF4B-00C04F79EFBC}") = "GameTop.Lib", "GameTop.Lib\GameTop.Lib.csproj", "{701BD3F2-C9CE-4993-B13F-F3477AED0FE1}"
EndProject
Project("{FAE04EC0-301F-11D3-BF4B-00C04F79EFBC}") = "GameTop.Interface", "GameTop.Interface\GameTop.Interface.csproj", "{18F65331-BECF-467F-91A9-408F8C3E911F}"
EndProject
Global
	GlobalSection(SolutionConfigurationPlatforms) = preSolution
		Debug|Any CPU = Debug|Any CPU
		Debug|x64 = Debug|x64
		Debug|x86 = Debug|x86
		Release|Any CPU = Release|Any CPU
		Release|x64 = Release|x64
		Release|x86 = Release|x86
	EndGlobalSection
	GlobalSection(SolutionProperties) = preSolution
		HideSolutionNode = FALSE
	EndGlobalSection
	GlobalSection(ProjectConfigurationPlatforms) = postSolution
		{AE456706-4145-4C3D-8A2A-A8F9CDF1AA7D}.Debug|Any CPU.ActiveCfg = Debug|Any CPU
		{AE456706-4145-4C3D-8A2A-A8F9CDF1AA7D}.Debug|Any CPU.Build.0 = Debug|Any CPU
		{AE456706-4145-4C3D-8A2A-A8F9CDF1AA7D}.Debug|x64.ActiveCfg = Debug|Any CPU
		{AE456706-4145-4C3D-8A2A-A8F9CDF1AA7D}.Debug|x64.Build.0 = Debug|Any CPU
		{AE456706-4145-4C3D-8A2A-A8F9CDF1AA7D}.Debug|x86.ActiveCfg = Debug|Any CPU
		{AE456706-4145-4C3D-8A2A-A8F9CDF1AA7D}.Debug|x86.Build.0 = Debug|Any CPU
		{AE456706-4145-4C3D-8A2A-A8F9CDF1AA7D}.Release|Any CPU.ActiveCfg = Release|Any CPU
		{AE456706-4145-4C3D-8A2A-A8F9CDF1AA7D}.Release|Any CPU.Build.0 = Release|Any CPU
		{AE456706-4145-4C3D-8A2A-A8F9CDF1AA7D}.Release|x64.ActiveCfg = Release|Any CPU
		{AE456706-4145-4C3D-8A2A-A8F9CDF1AA7D}.Release|x64.Build.0 = Release|Any CPU
		{AE456706-4145-4C3D-8A2A-A8F9CDF1AA7D}.Release|x86.ActiveCfg = Release|Any CPU
		{AE456706-4145-4C3D-8A2A-A8F9CDF1AA7D}.Release|x86.Build.0 = Release|Any CPU
		{701BD3F2-C9CE-4993-B13F-F3477AED0FE1}.Debug|Any CPU.ActiveCfg = Debug|Any CPU
		{701BD3F2-C9CE-4993-B13F-F3477AED0FE1}.Debug|Any CPU.Build.0 = Debug|Any CPU
		{701BD3F2-C9CE-4993-B13F-F3477AED0FE1}.Debug|x64.ActiveCfg = Debug|Any CPU
		{701BD3F2-C9CE-4993-B13F-F3477AED0FE1}.Debug|x64.Build.0 = Debug|Any CPU
		{701BD3F2-C9CE-4993-B13F-F3477AED0FE1}.Debug|x86.ActiveCfg = Debug|Any CPU
		{701BD3F2-C9CE-4993-B13F-F3477AED0FE1}.Debug|x86.Build.0 = Debug|Any CPU
		{701BD3F2-C9CE-4993-B13F-F3477AED0FE1}.Release|Any CPU.ActiveCfg = Release|Any CPU
		{701BD3F2-C9CE-4993-B13F-F3477AED0FE1}.Release|Any CPU.Build.0 = Release|Any CPU
		{701BD3F2-C9CE-4993-B13F-F3477AED0FE1}.Release|x64.ActiveCfg = Release|Any CPU
		{701BD3F2-C9CE-4993-B13F-F3477AED0FE1}.Release|x64.Build.0 = Release|Any CPU
		{701BD3F2-C9CE-4993-B13F-F3477AED0FE1}.Release|x86.ActiveCfg = Release|Any CPU
		{701BD3F2-C9CE-4993-B13F-F3477AED0FE1}.Release|x86.Build.0 = Release|Any CPU
		{18F65331-BECF-467F-91A9-408F8C3E911F}.Debug|Any CPU.ActiveCfg = Debug|Any CPU
		{18F65331-BECF-467F-91A9-408F8C3E911F}.Debug|Any CPU.Build.0 = Debug|Any CPU
		{18F65331-BECF-467F-91A9-408F8C3E911F}.Debug|x64.ActiveCfg = Debug|Any CPU
		{18F65331-BECF-467F-91A9-408F8C3E911F}.Debug|x64.Build.0 = Debug|Any CPU
		{18F65331-BECF-467F-91A9-408F8C3E911F}.Debug|x86.ActiveCfg = Debug|Any CPU
		{18F65331-BECF-467F-91A9-408F8C3E911F}.Debug|x86.Build.0 = Debug|Any CPU
		{18F65331-BECF-467F-91A9-408F8C3E911F}.Release|Any CPU.ActiveCfg = Release|Any CPU
		{18F65331-BECF-467F-91A9-408F8C3E911F}.Release|Any CPU.Build.0 = Release|Any CPU
		{18F65331-BECF-467F-91A9-408F8C3E911F}.Release|x64.ActiveCfg = Release|Any CPU
		{18F65331-BECF-467F-91A9-408F8C3E911F}.Release|x64.Build.0 = Release|Any CPU
		{18F65331-BECF-467F-91A9-408F8C3E911F}.Release|x86.ActiveCfg = Release|Any CPU
		{18F65331-BECF-467F-91A9-408F8C3E911F}.Release|x86.Build.0 = Release|Any CPU
	EndGlobalSection
EndGlobal
